
Microsoft Visual Studio Solution File, Format Version 12.00
# Visual Studio Version 16
VisualStudioVersion = 16.0.29123.88
MinimumVisualStudioVersion = 10.0.40219.1
Project("{FAE04EC0-301F-11D3-BF4B-00C04F79EFBC}") = "Transprite", "Transprite\Transprite.csproj", "{3F02A532-CAC9-4574-96C9-63D017A0873E}"
EndProject
Global
	GlobalSection(SolutionConfigurationPlatforms) = preSolution
		Debug|Any CPU = Debug|Any CPU
		Release|Any CPU = Release|Any CPU
	EndGlobalSection
	GlobalSection(ProjectConfigurationPlatforms) = postSolution
		{3F02A532-CAC9-4574-96C9-63D017A0873E}.Debug|Any CPU.ActiveCfg = Debug|Any CPU
		{3F02A532-CAC9-4574-96C9-63D017A0873E}.Debug|Any CPU.Build.0 = Debug|Any CPU
		{3F02A532-CAC9-4574-96C9-63D017A0873E}.Release|Any CPU.ActiveCfg = Release|Any CPU
		{3F02A532-CAC9-4574-96C9-63D017A0873E}.Release|Any CPU.Build.0 = Release|Any CPU
	EndGlobalSection
	GlobalSection(SolutionProperties) = preSolution
		HideSolutionNode = FALSE
	EndGlobalSection
	GlobalSection(ExtensibilityGlobals) = postSolution
		SolutionGuid = {1812FBF7-550B-4B43-B068-F75ECF0D13D3}
	EndGlobalSection
EndGlobal
